
Microsoft Visual Studio Solution File, Format Version 12.00
# Visual Studio 14
VisualStudioVersion = 14.0.23107.0
MinimumVisualStudioVersion = 10.0.40219.1
Project("{FAE04EC0-301F-11D3-BF4B-00C04F79EFBC}") = "TrackerServer", "TrackerService\TrackerServer.csproj", "{851F75F2-DF83-42A3-94FB-D2A7BEDD4FCD}"
EndProject
Project("{FAE04EC0-301F-11D3-BF4B-00C04F79EFBC}") = "TrackerClient", "TrackerClient\TrackerClient.csproj", "{580EE27A-DEE7-4067-A248-96FEF58A2160}"
EndProject
Project("{FAE04EC0-301F-11D3-BF4B-00C04F79EFBC}") = "TrackerInterface", "TrackerInterface\TrackerInterface.csproj", "{415BFEC7-AE6C-4C01-B775-7941A274F7FF}"
EndProject
Project("{FAE04EC0-301F-11D3-BF4B-00C04F79EFBC}") = "TrackerUpdater", "TrackerUpdater\TrackerUpdater.csproj", "{49B4A13D-98A3-453B-988F-ED093F0CD9EE}"
EndProject
Global
	GlobalSection(SolutionConfigurationPlatforms) = preSolution
		Debug|Any CPU = Debug|Any CPU
		Debug|x86 = Debug|x86
		Release|Any CPU = Release|Any CPU
		Release|x86 = Release|x86
	EndGlobalSection
	GlobalSection(ProjectConfigurationPlatforms) = postSolution
		{851F75F2-DF83-42A3-94FB-D2A7BEDD4FCD}.Debug|Any CPU.ActiveCfg = Debug|Any CPU
		{851F75F2-DF83-42A3-94FB-D2A7BEDD4FCD}.Debug|Any CPU.Build.0 = Debug|Any CPU
		{851F75F2-DF83-42A3-94FB-D2A7BEDD4FCD}.Debug|x86.ActiveCfg = Debug|x86
		{851F75F2-DF83-42A3-94FB-D2A7BEDD4FCD}.Debug|x86.Build.0 = Debug|x86
		{851F75F2-DF83-42A3-94FB-D2A7BEDD4FCD}.Release|Any CPU.ActiveCfg = Release|Any CPU
		{851F75F2-DF83-42A3-94FB-D2A7BEDD4FCD}.Release|Any CPU.Build.0 = Release|Any CPU
		{851F75F2-DF83-42A3-94FB-D2A7BEDD4FCD}.Release|x86.ActiveCfg = Release|x86
		{851F75F2-DF83-42A3-94FB-D2A7BEDD4FCD}.Release|x86.Build.0 = Release|x86
		{580EE27A-DEE7-4067-A248-96FEF58A2160}.Debug|Any CPU.ActiveCfg = Debug|Any CPU
		{580EE27A-DEE7-4067-A248-96FEF58A2160}.Debug|Any CPU.Build.0 = Debug|Any CPU
		{580EE27A-DEE7-4067-A248-96FEF58A2160}.Debug|x86.ActiveCfg = Debug|x86
		{580EE27A-DEE7-4067-A248-96FEF58A2160}.Debug|x86.Build.0 = Debug|x86
		{580EE27A-DEE7-4067-A248-96FEF58A2160}.Release|Any CPU.ActiveCfg = Release|Any CPU
		{580EE27A-DEE7-4067-A248-96FEF58A2160}.Release|Any CPU.Build.0 = Release|Any CPU
		{580EE27A-DEE7-4067-A248-96FEF58A2160}.Release|x86.ActiveCfg = Release|x86
		{580EE27A-DEE7-4067-A248-96FEF58A2160}.Release|x86.Build.0 = Release|x86
		{415BFEC7-AE6C-4C01-B775-7941A274F7FF}.Debug|Any CPU.ActiveCfg = Debug|Any CPU
		{415BFEC7-AE6C-4C01-B775-7941A274F7FF}.Debug|Any CPU.Build.0 = Debug|Any CPU
		{415BFEC7-AE6C-4C01-B775-7941A274F7FF}.Debug|x86.ActiveCfg = Debug|x86
		{415BFEC7-AE6C-4C01-B775-7941A274F7FF}.Debug|x86.Build.0 = Debug|x86
		{415BFEC7-AE6C-4C01-B775-7941A274F7FF}.Release|Any CPU.ActiveCfg = Release|Any CPU
		{415BFEC7-AE6C-4C01-B775-7941A274F7FF}.Release|Any CPU.Build.0 = Release|Any CPU
		{415BFEC7-AE6C-4C01-B775-7941A274F7FF}.Release|x86.ActiveCfg = Release|x86
		{415BFEC7-AE6C-4C01-B775-7941A274F7FF}.Release|x86.Build.0 = Release|x86
		{49B4A13D-98A3-453B-988F-ED093F0CD9EE}.Debug|Any CPU.ActiveCfg = Debug|Any CPU
		{49B4A13D-98A3-453B-988F-ED093F0CD9EE}.Debug|Any CPU.Build.0 = Debug|Any CPU
		{49B4A13D-98A3-453B-988F-ED093F0CD9EE}.Debug|x86.ActiveCfg = Debug|Any CPU
		{49B4A13D-98A3-453B-988F-ED093F0CD9EE}.Debug|x86.Build.0 = Debug|Any CPU
		{49B4A13D-98A3-453B-988F-ED093F0CD9EE}.Release|Any CPU.ActiveCfg = Release|Any CPU
		{49B4A13D-98A3-453B-988F-ED093F0CD9EE}.Release|Any CPU.Build.0 = Release|Any CPU
		{49B4A13D-98A3-453B-988F-ED093F0CD9EE}.Release|x86.ActiveCfg = Release|Any CPU
		{49B4A13D-98A3-453B-988F-ED093F0CD9EE}.Release|x86.Build.0 = Release|Any CPU
	EndGlobalSection
	GlobalSection(SolutionProperties) = preSolution
		HideSolutionNode = FALSE
	EndGlobalSection
EndGlobal
