
Microsoft Visual Studio Solution File, Format Version 12.00
# Visual Studio Version 16
VisualStudioVersion = 16.0.29306.81
MinimumVisualStudioVersion = 10.0.40219.1
Project("{FAE04EC0-301F-11D3-BF4B-00C04F79EFBC}") = "TrackerClient", "TrackerClient\TrackerClient.csproj", "{580EE27A-DEE7-4067-A248-96FEF58A2160}"
EndProject
Project("{FAE04EC0-301F-11D3-BF4B-00C04F79EFBC}") = "TrackerInterface", "TrackerInterface\TrackerInterface.csproj", "{415BFEC7-AE6C-4C01-B775-7941A274F7FF}"
EndProject
Project("{FAE04EC0-301F-11D3-BF4B-00C04F79EFBC}") = "TrackerServer", "TrackerServer\TrackerServer.csproj", "{98035E1D-DCF7-4BC7-8F19-ACBD2A753BE4}"
EndProject
Global
	GlobalSection(SolutionConfigurationPlatforms) = preSolution
		Debug|Any CPU = Debug|Any CPU
		Release|Any CPU = Release|Any CPU
	EndGlobalSection
	GlobalSection(ProjectConfigurationPlatforms) = postSolution
		{580EE27A-DEE7-4067-A248-96FEF58A2160}.Debug|Any CPU.ActiveCfg = Debug|Any CPU
		{580EE27A-DEE7-4067-A248-96FEF58A2160}.Debug|Any CPU.Build.0 = Debug|Any CPU
		{580EE27A-DEE7-4067-A248-96FEF58A2160}.Release|Any CPU.ActiveCfg = Release|Any CPU
		{580EE27A-DEE7-4067-A248-96FEF58A2160}.Release|Any CPU.Build.0 = Release|Any CPU
		{415BFEC7-AE6C-4C01-B775-7941A274F7FF}.Debug|Any CPU.ActiveCfg = Debug|Any CPU
		{415BFEC7-AE6C-4C01-B775-7941A274F7FF}.Debug|Any CPU.Build.0 = Debug|Any CPU
		{415BFEC7-AE6C-4C01-B775-7941A274F7FF}.Release|Any CPU.ActiveCfg = Release|Any CPU
		{415BFEC7-AE6C-4C01-B775-7941A274F7FF}.Release|Any CPU.Build.0 = Release|Any CPU
		{98035E1D-DCF7-4BC7-8F19-ACBD2A753BE4}.Debug|Any CPU.ActiveCfg = Debug|Any CPU
		{98035E1D-DCF7-4BC7-8F19-ACBD2A753BE4}.Debug|Any CPU.Build.0 = Debug|Any CPU
		{98035E1D-DCF7-4BC7-8F19-ACBD2A753BE4}.Release|Any CPU.ActiveCfg = Release|Any CPU
		{98035E1D-DCF7-4BC7-8F19-ACBD2A753BE4}.Release|Any CPU.Build.0 = Release|Any CPU
	EndGlobalSection
	GlobalSection(SolutionProperties) = preSolution
		HideSolutionNode = FALSE
	EndGlobalSection
	GlobalSection(ExtensibilityGlobals) = postSolution
		SolutionGuid = {5FAD0149-A9F6-4A8B-B3CC-BFD00BD335B5}
	EndGlobalSection
EndGlobal
